
Microsoft Visual Studio Solution File, Format Version 12.00
# Visual Studio Version 17
VisualStudioVersion = 17.7.34031.279
MinimumVisualStudioVersion = 10.0.40219.1
Project("{FAE04EC0-301F-11D3-BF4B-00C04F79EFBC}") = "PatientInformationPortalView", "PatientInformationPortalView.csproj", "{3BD8366F-BF26-4C35-9B41-CBF48409742D}"
EndProject
Global
	GlobalSection(SolutionConfigurationPlatforms) = preSolution
		Debug|Any CPU = Debug|Any CPU
		Release|Any CPU = Release|Any CPU
	EndGlobalSection
	GlobalSection(ProjectConfigurationPlatforms) = postSolution
		{3BD8366F-BF26-4C35-9B41-CBF48409742D}.Debug|Any CPU.ActiveCfg = Debug|Any CPU
		{3BD8366F-BF26-4C35-9B41-CBF48409742D}.Debug|Any CPU.Build.0 = Debug|Any CPU
		{3BD8366F-BF26-4C35-9B41-CBF48409742D}.Release|Any CPU.ActiveCfg = Release|Any CPU
		{3BD8366F-BF26-4C35-9B41-CBF48409742D}.Release|Any CPU.Build.0 = Release|Any CPU
	EndGlobalSection
	GlobalSection(SolutionProperties) = preSolution
		HideSolutionNode = FALSE
	EndGlobalSection
	GlobalSection(ExtensibilityGlobals) = postSolution
		SolutionGuid = {80437B6A-C488-4861-B599-46D8ABE0AE53}
	EndGlobalSection
EndGlobal
